github.com/bwmarrin/snowflake v0.3.0 h1:xm67bEhkKh6ij1790JB83OujPR5CzNe8QuQqAgISZN0=
github.com/bwmarrin/snowflake v0.3.0/go.mod h1:NdZxfVWX+oR6y2K0o6qAYv6gIOP9rjG0/E9WsDpxqwE=
github.com/gohxs/prettylog v0.0.0-20190304114953-faf23b5b615b h1:BDNsGUW+JNDpE3+3S5dtdM8yYbFE746Y4OHDezogDPw=
github.com/gohxs/prettylog v0.0.0-20190304114953-faf23b5b615b/go.mod h1:ywL/KcpcHmutSZh0RlVDJqOG7TUP3kqJLK8nW/7FtMw=
