github.com/gohxs/prettylog v0.0.0-20190304114953-faf23b5b615b h1:BDNsGUW+JNDpE3+3S5dtdM8yYbFE746Y4OHDezogDPw=
github.com/gohxs/prettylog v0.0.0-20190304114953-faf23b5b615b/go.mod h1:ywL/KcpcHmutSZh0RlVDJqOG7TUP3kqJLK8nW/7FtMw=
golang.org/x/sync v0.0.0-20210220032951-036812b2e83c h1:5KslGYwFpkhGh+Q16bwMP3cOontH8FOep7tGV86Y7SQ=
golang.org/x/sync v0.0.0-20210220032951-036812b2e83c/go.mod h1:RxMgew5VJxzue5/jJTE5uejpjVlOe/izrB70Jof72aM=
